{
  "name": "@fykit/appify-http",
  "version": "1.1.1-alpha.1",
  "lockfileVersion": 1,
  "requires": true,
  "dependencies": {
    "@fykit/appify-server-factory": {
      "version": "1.1.1-alpha.1",
      "requires": {
        "debug": "^4.3.1",
        "require-relative": "^0.8.7",
        "sugar-env": "^1.5.13",
        "yargs": "^16.2.0"
      },
      "dependencies": {
        "@types/debug": {},
        "@types/node": {},
        "@types/require-relative": {},
        "@types/yargs": {
          "requires": {
            "@types/yargs-parser": "*"
          }
        },
        "@types/yargs-parser": {
          "version": "20.2.0"
        },
        "ansi-regex": {
          "version": "5.0.0"
        },
        "ansi-styles": {
          "version": "4.3.0",
          "requires": {
            "color-convert": "^2.0.1"
          }
        },
        "cliui": {
          "version": "7.0.4",
          "requires": {
            "string-width": "^4.2.0",
            "strip-ansi": "^6.0.0",
            "wrap-ansi": "^7.0.0"
          }
        },
        "color-convert": {
          "version": "2.0.1",
          "requires": {
            "color-name": "~1.1.4"
          }
        },
        "color-name": {
          "version": "1.1.4"
        },
        "debug": {
          "version": "4.3.1",
          "requires": {
            "ms": "2.1.2"
          }
        },
        "emoji-regex": {
          "version": "8.0.0"
        },
        "escalade": {
          "version": "3.1.1"
        },
        "get-caller-file": {
          "version": "2.0.5"
        },
        "is-fullwidth-code-point": {
          "version": "3.0.0"
        },
        "ms": {
          "version": "2.1.2"
        },
        "prettier": {},
        "require-directory": {
          "version": "2.1.1"
        },
        "require-relative": {
          "version": "0.8.7"
        },
        "string-width": {
          "version": "4.2.0",
          "requires": {
            "emoji-regex": "^8.0.0",
            "is-fullwidth-code-point": "^3.0.0",
            "strip-ansi": "^6.0.0"
          }
        },
        "strip-ansi": {
          "version": "6.0.0",
          "requires": {
            "ansi-regex": "^5.0.0"
          }
        },
        "sugar-env": {
          "version": "1.5.13"
        },
        "typescript": {},
        "wrap-ansi": {
          "version": "7.0.0",
          "requires": {
            "ansi-styles": "^4.0.0",
            "string-width": "^4.1.0",
            "strip-ansi": "^6.0.0"
          }
        },
        "y18n": {
          "version": "5.0.5"
        },
        "yargs": {
          "version": "16.2.0",
          "requires": {
            "cliui": "^7.0.2",
            "escalade": "^3.1.1",
            "get-caller-file": "^2.0.5",
            "require-directory": "^2.1.1",
            "string-width": "^4.2.0",
            "y18n": "^5.0.5",
            "yargs-parser": "^20.2.2"
          }
        },
        "yargs-parser": {
          "version": "20.2.4"
        }
      }
    },
    "prettier": {
      "version": "2.2.1",
      "resolved": "https://registry.npmjs.org/prettier/-/prettier-2.2.1.tgz",
      "integrity": "sha512-PqyhM2yCjg/oKkFPtTGUojv7gnZAoG80ttl45O6x2Ug/rMJw4wcc9k6aaf2hibP7BGVCCM33gZoGjyvt9mm16Q==",
      "dev": true
    },
    "typescript": {
      "version": "4.1.3",
      "resolved": "https://registry.npmjs.org/typescript/-/typescript-4.1.3.tgz",
      "integrity": "sha512-B3ZIOf1IKeH2ixgHhj6la6xdwR9QrLC5d1VKeCSY4tvkqhF2eqd9O7txNlS0PO3GrBAFIdr3L1ndNwteUbZLYg==",
      "dev": true
    }
  }
}
